
Microsoft Visual Studio Solution File, Format Version 12.00
# Visual Studio Version 17
VisualStudioVersion = 17.13.35931.197
MinimumVisualStudioVersion = 10.0.40219.1
Project("{FAE04EC0-301F-11D3-BF4B-00C04F79EFBC}") = "HelloWorld", "HelloWorld\HelloWorld.csproj", "{F155DAF6-DB2E-49C4-BB67-CF0C79D97BE6}"
EndProject
Project("{930C7802-8A8C-48F9-8165-68863BCCD9DD}") = "WiX-v3", "WiX v3 - Converted\WiX-v3.wixproj", "{AE981C54-E3D7-4881-9D12-550B1D9F6220}"
EndProject
Global
	GlobalSection(SolutionConfigurationPlatforms) = preSolution
		Debug|Any CPU = Debug|Any CPU
		Debug|ARM64 = Debug|ARM64
		Debug|x64 = Debug|x64
		Debug|x86 = Debug|x86
		Release|Any CPU = Release|Any CPU
		Release|ARM64 = Release|ARM64
		Release|x64 = Release|x64
		Release|x86 = Release|x86
		Setup|Any CPU = Setup|Any CPU
		Setup|ARM64 = Setup|ARM64
		Setup|x64 = Setup|x64
		Setup|x86 = Setup|x86
		Vso-Ci|Any CPU = Vso-Ci|Any CPU
		Vso-Ci|ARM64 = Vso-Ci|ARM64
		Vso-Ci|x64 = Vso-Ci|x64
		Vso-Ci|x86 = Vso-Ci|x86
	EndGlobalSection
	GlobalSection(ProjectConfigurationPlatforms) = postSolution
		{F155DAF6-DB2E-49C4-BB67-CF0C79D97BE6}.Debug|Any CPU.ActiveCfg = Debug|Any CPU
		{F155DAF6-DB2E-49C4-BB67-CF0C79D97BE6}.Debug|Any CPU.Build.0 = Debug|Any CPU
		{F155DAF6-DB2E-49C4-BB67-CF0C79D97BE6}.Debug|ARM64.ActiveCfg = Debug|Any CPU
		{F155DAF6-DB2E-49C4-BB67-CF0C79D97BE6}.Debug|ARM64.Build.0 = Debug|Any CPU
		{F155DAF6-DB2E-49C4-BB67-CF0C79D97BE6}.Debug|x64.ActiveCfg = Debug|Any CPU
		{F155DAF6-DB2E-49C4-BB67-CF0C79D97BE6}.Debug|x64.Build.0 = Debug|Any CPU
		{F155DAF6-DB2E-49C4-BB67-CF0C79D97BE6}.Debug|x86.ActiveCfg = Debug|Any CPU
		{F155DAF6-DB2E-49C4-BB67-CF0C79D97BE6}.Debug|x86.Build.0 = Debug|Any CPU
		{F155DAF6-DB2E-49C4-BB67-CF0C79D97BE6}.Release|Any CPU.ActiveCfg = Release|Any CPU
		{F155DAF6-DB2E-49C4-BB67-CF0C79D97BE6}.Release|Any CPU.Build.0 = Release|Any CPU
		{F155DAF6-DB2E-49C4-BB67-CF0C79D97BE6}.Release|ARM64.ActiveCfg = Release|Any CPU
		{F155DAF6-DB2E-49C4-BB67-CF0C79D97BE6}.Release|ARM64.Build.0 = Release|Any CPU
		{F155DAF6-DB2E-49C4-BB67-CF0C79D97BE6}.Release|x64.ActiveCfg = Release|Any CPU
		{F155DAF6-DB2E-49C4-BB67-CF0C79D97BE6}.Release|x64.Build.0 = Release|Any CPU
		{F155DAF6-DB2E-49C4-BB67-CF0C79D97BE6}.Release|x86.ActiveCfg = Release|Any CPU
		{F155DAF6-DB2E-49C4-BB67-CF0C79D97BE6}.Release|x86.Build.0 = Release|Any CPU
		{F155DAF6-DB2E-49C4-BB67-CF0C79D97BE6}.Setup|Any CPU.ActiveCfg = Setup|Any CPU
		{F155DAF6-DB2E-49C4-BB67-CF0C79D97BE6}.Setup|Any CPU.Build.0 = Setup|Any CPU
		{F155DAF6-DB2E-49C4-BB67-CF0C79D97BE6}.Setup|ARM64.ActiveCfg = Setup|Any CPU
		{F155DAF6-DB2E-49C4-BB67-CF0C79D97BE6}.Setup|ARM64.Build.0 = Setup|Any CPU
		{F155DAF6-DB2E-49C4-BB67-CF0C79D97BE6}.Setup|x64.ActiveCfg = Setup|Any CPU
		{F155DAF6-DB2E-49C4-BB67-CF0C79D97BE6}.Setup|x64.Build.0 = Setup|Any CPU
		{F155DAF6-DB2E-49C4-BB67-CF0C79D97BE6}.Setup|x86.ActiveCfg = Setup|Any CPU
		{F155DAF6-DB2E-49C4-BB67-CF0C79D97BE6}.Setup|x86.Build.0 = Setup|Any CPU
		{F155DAF6-DB2E-49C4-BB67-CF0C79D97BE6}.Vso-Ci|Any CPU.ActiveCfg = Vso-Ci|Any CPU
		{F155DAF6-DB2E-49C4-BB67-CF0C79D97BE6}.Vso-Ci|Any CPU.Build.0 = Vso-Ci|Any CPU
		{F155DAF6-DB2E-49C4-BB67-CF0C79D97BE6}.Vso-Ci|ARM64.ActiveCfg = Vso-Ci|Any CPU
		{F155DAF6-DB2E-49C4-BB67-CF0C79D97BE6}.Vso-Ci|ARM64.Build.0 = Vso-Ci|Any CPU
		{F155DAF6-DB2E-49C4-BB67-CF0C79D97BE6}.Vso-Ci|x64.ActiveCfg = Vso-Ci|Any CPU
		{F155DAF6-DB2E-49C4-BB67-CF0C79D97BE6}.Vso-Ci|x64.Build.0 = Vso-Ci|Any CPU
		{F155DAF6-DB2E-49C4-BB67-CF0C79D97BE6}.Vso-Ci|x86.ActiveCfg = Vso-Ci|Any CPU
		{F155DAF6-DB2E-49C4-BB67-CF0C79D97BE6}.Vso-Ci|x86.Build.0 = Vso-Ci|Any CPU
		{AE981C54-E3D7-4881-9D12-550B1D9F6220}.Debug|Any CPU.ActiveCfg = Debug|x86
		{AE981C54-E3D7-4881-9D12-550B1D9F6220}.Debug|Any CPU.Build.0 = Debug|x86
		{AE981C54-E3D7-4881-9D12-550B1D9F6220}.Debug|ARM64.ActiveCfg = Debug|x86
		{AE981C54-E3D7-4881-9D12-550B1D9F6220}.Debug|ARM64.Build.0 = Debug|x86
		{AE981C54-E3D7-4881-9D12-550B1D9F6220}.Debug|x64.ActiveCfg = Debug|x86
		{AE981C54-E3D7-4881-9D12-550B1D9F6220}.Debug|x64.Build.0 = Debug|x86
		{AE981C54-E3D7-4881-9D12-550B1D9F6220}.Debug|x86.ActiveCfg = Debug|x86
		{AE981C54-E3D7-4881-9D12-550B1D9F6220}.Debug|x86.Build.0 = Debug|x86
		{AE981C54-E3D7-4881-9D12-550B1D9F6220}.Release|Any CPU.ActiveCfg = Release|x86
		{AE981C54-E3D7-4881-9D12-550B1D9F6220}.Release|Any CPU.Build.0 = Release|x86
		{AE981C54-E3D7-4881-9D12-550B1D9F6220}.Release|ARM64.ActiveCfg = Release|x86
		{AE981C54-E3D7-4881-9D12-550B1D9F6220}.Release|ARM64.Build.0 = Release|x86
		{AE981C54-E3D7-4881-9D12-550B1D9F6220}.Release|x64.ActiveCfg = Release|x86
		{AE981C54-E3D7-4881-9D12-550B1D9F6220}.Release|x64.Build.0 = Release|x86
		{AE981C54-E3D7-4881-9D12-550B1D9F6220}.Release|x86.ActiveCfg = Release|x86
		{AE981C54-E3D7-4881-9D12-550B1D9F6220}.Release|x86.Build.0 = Release|x86
		{AE981C54-E3D7-4881-9D12-550B1D9F6220}.Setup|Any CPU.ActiveCfg = Setup|x86
		{AE981C54-E3D7-4881-9D12-550B1D9F6220}.Setup|Any CPU.Build.0 = Setup|x86
		{AE981C54-E3D7-4881-9D12-550B1D9F6220}.Setup|ARM64.ActiveCfg = Setup|x86
		{AE981C54-E3D7-4881-9D12-550B1D9F6220}.Setup|ARM64.Build.0 = Setup|x86
		{AE981C54-E3D7-4881-9D12-550B1D9F6220}.Setup|x64.ActiveCfg = Setup|x86
		{AE981C54-E3D7-4881-9D12-550B1D9F6220}.Setup|x64.Build.0 = Setup|x86
		{AE981C54-E3D7-4881-9D12-550B1D9F6220}.Setup|x86.ActiveCfg = Setup|x86
		{AE981C54-E3D7-4881-9D12-550B1D9F6220}.Setup|x86.Build.0 = Setup|x86
		{AE981C54-E3D7-4881-9D12-550B1D9F6220}.Vso-Ci|Any CPU.ActiveCfg = Vso-Ci|x86
		{AE981C54-E3D7-4881-9D12-550B1D9F6220}.Vso-Ci|Any CPU.Build.0 = Vso-Ci|x86
		{AE981C54-E3D7-4881-9D12-550B1D9F6220}.Vso-Ci|ARM64.ActiveCfg = Vso-Ci|x86
		{AE981C54-E3D7-4881-9D12-550B1D9F6220}.Vso-Ci|ARM64.Build.0 = Vso-Ci|x86
		{AE981C54-E3D7-4881-9D12-550B1D9F6220}.Vso-Ci|x64.ActiveCfg = Vso-Ci|x86
		{AE981C54-E3D7-4881-9D12-550B1D9F6220}.Vso-Ci|x64.Build.0 = Vso-Ci|x86
		{AE981C54-E3D7-4881-9D12-550B1D9F6220}.Vso-Ci|x86.ActiveCfg = Vso-Ci|x86
		{AE981C54-E3D7-4881-9D12-550B1D9F6220}.Vso-Ci|x86.Build.0 = Vso-Ci|x86
	EndGlobalSection
	GlobalSection(SolutionProperties) = preSolution
		HideSolutionNode = FALSE
	EndGlobalSection
	GlobalSection(ExtensibilityGlobals) = postSolution
		SolutionGuid = {631A4622-750A-4511-953D-CE6BA93D06FC}
	EndGlobalSection
EndGlobal
